// !$*UTF8*$!
{
	archiveVersion = 1;
	classes = {
	};
	objectVersion = 46;
	objects = {

/* Begin PBXBuildFile section */
		68635B981A8C4613001CB25D /* listview.js in Resources */ = {isa = PBXBuildFile; fileRef = 689DA0E81A8C430600F117DE /* listview.js */; };
		68635B991A8C461A001CB25D /* examples.css in Resources */ = {isa = PBXBuildFile; fileRef = 689DA0E91A8C430600F117DE /* examples.css */; };
		68635B9A1A8C4620001CB25D /* touch-emulator.js in Resources */ = {isa = PBXBuildFile; fileRef = 689DA0EA1A8C430600F117DE /* touch-emulator.js */; };
		68635B9C1A8D79EB001CB25D /* build in Resources */ = {isa = PBXBuildFile; fileRef = 68635B9B1A8D79EB001CB25D /* build */; };
		689DA0C71A8C3FB300F117DE /* AppDelegate.swift in Sources */ = {isa = PBXBuildFile; fileRef = 689DA0C61A8C3FB300F117DE /* AppDelegate.swift */; };
		689DA0C91A8C3FB300F117DE /* ViewController.swift in Sources */ = {isa = PBXBuildFile; fileRef = 689DA0C81A8C3FB300F117DE /* ViewController.swift */; };
		689DA0CC1A8C3FB300F117DE /* Main.storyboard in Resources */ = {isa = PBXBuildFile; fileRef = 689DA0CA1A8C3FB300F117DE /* Main.storyboard */; };
		689DA0CE1A8C3FB300F117DE /* Images.xcassets in Resources */ = {isa = PBXBuildFile; fileRef = 689DA0CD1A8C3FB300F117DE /* Images.xcassets */; };
		689DA0D11A8C3FB300F117DE /* LaunchScreen.xib in Resources */ = {isa = PBXBuildFile; fileRef = 689DA0CF1A8C3FB300F117DE /* LaunchScreen.xib */; };
		689DA0DD1A8C3FB300F117DE /* react_canvas_iosTests.swift in Sources */ = {isa = PBXBuildFile; fileRef = 689DA0DC1A8C3FB300F117DE /* react_canvas_iosTests.swift */; };
		689DA0E71A8C412E00F117DE /* index.html in Resources */ = {isa = PBXBuildFile; fileRef = 689DA0E61A8C412E00F117DE /* index.html */; };
/* End PBXBuildFile section */

/* Begin PBXContainerItemProxy section */
		689DA0D71A8C3FB300F117DE /* PBXContainerItemProxy */ = {
			isa = PBXContainerItemProxy;
			containerPortal = 689DA0B91A8C3FB300F117DE /* Project object */;
			proxyType = 1;
			remoteGlobalIDString = 689DA0C01A8C3FB300F117DE;
			remoteInfo = "react-canvas-ios";
		};
/* End PBXContainerItemProxy section */

/* Begin PBXFileReference section */
		68635B9B1A8D79EB001CB25D /* build */ = {isa = PBXFileReference; lastKnownFileType = folder; path = build; sourceTree = SOURCE_ROOT; };
		689DA0C11A8C3FB300F117DE /* react-canvas-ios.app */ = {isa = PBXFileReference; explicitFileType = wrapper.application; includeInIndex = 0; path = "react-canvas-ios.app"; sourceTree = BUILT_PRODUCTS_DIR; };
		689DA0C51A8C3FB300F117DE /* Info.plist */ = {isa = PBXFileReference; lastKnownFileType = text.plist.xml; path = Info.plist; sourceTree = "<group>"; };
		689DA0C61A8C3FB300F117DE /* AppDelegate.swift */ = {isa = PBXFileReference; lastKnownFileType = sourcecode.swift; path = AppDelegate.swift; sourceTree = "<group>"; };
		689DA0C81A8C3FB300F117DE /* ViewController.swift */ = {isa = PBXFileReference; lastKnownFileType = sourcecode.swift; path = ViewController.swift; sourceTree = "<group>"; };
		689DA0CB1A8C3FB300F117DE /* Base */ = {isa = PBXFileReference; lastKnownFileType = file.storyboard; name = Base; path = Base.lproj/Main.storyboard; sourceTree = "<group>"; };
		689DA0CD1A8C3FB300F117DE /* Images.xcassets */ = {isa = PBXFileReference; lastKnownFileType = folder.assetcatalog; path = Images.xcassets; sourceTree = "<group>"; };
		689DA0D01A8C3FB300F117DE /* Base */ = {isa = PBXFileReference; lastKnownFileType = file.xib; name = Base; path = Base.lproj/LaunchScreen.xib; sourceTree = "<group>"; };
		689DA0D61A8C3FB300F117DE /* react-canvas-iosTests.xctest */ = {isa = PBXFileReference; explicitFileType = wrapper.cfbundle; includeInIndex = 0; path = "react-canvas-iosTests.xctest"; sourceTree = BUILT_PRODUCTS_DIR; };
		689DA0DB1A8C3FB300F117DE /* Info.plist */ = {isa = PBXFileReference; lastKnownFileType = text.plist.xml; path = Info.plist; sourceTree = "<group>"; };
		689DA0DC1A8C3FB300F117DE /* react_canvas_iosTests.swift */ = {isa = PBXFileReference; lastKnownFileType = sourcecode.swift; path = react_canvas_iosTests.swift; sourceTree = "<group>"; };
		689DA0E61A8C412E00F117DE /* index.html */ = {isa = PBXFileReference; fileEncoding = 4; lastKnownFileType = text.html; path = index.html; sourceTree = "<group>"; };
		689DA0E81A8C430600F117DE /* listview.js */ = {isa = PBXFileReference; fileEncoding = 4; lastKnownFileType = sourcecode.javascript; path = listview.js; sourceTree = "<group>"; };
		689DA0E91A8C430600F117DE /* examples.css */ = {isa = PBXFileReference; fileEncoding = 4; lastKnownFileType = text.css; path = examples.css; sourceTree = "<group>"; };
		689DA0EA1A8C430600F117DE /* touch-emulator.js */ = {isa = PBXFileReference; fileEncoding = 4; lastKnownFileType = sourcecode.javascript; path = "touch-emulator.js"; sourceTree = "<group>"; };
/* End PBXFileReference section */

/* Begin PBXFrameworksBuildPhase section */
		689DA0BE1A8C3FB300F117DE /* Frameworks */ = {
			isa = PBXFrameworksBuildPhase;
			buildActionMask = 2147483647;
			files = (
			);
			runOnlyForDeploymentPostprocessing = 0;
		};
		689DA0D31A8C3FB300F117DE /* Frameworks */ = {
			isa = PBXFrameworksBuildPhase;
			buildActionMask = 2147483647;
			files = (
			);
			runOnlyForDeploymentPostprocessing = 0;
		};
/* End PBXFrameworksBuildPhase section */

/* Begin PBXGroup section */
		689DA0B81A8C3FB300F117DE = {
			isa = PBXGroup;
			children = (
				689DA0C31A8C3FB300F117DE /* react-canvas-ios */,
				689DA0D91A8C3FB300F117DE /* react-canvas-iosTests */,
				689DA0C21A8C3FB300F117DE /* Products */,
			);
			sourceTree = "<group>";
		};
		689DA0C21A8C3FB300F117DE /* Products */ = {
			isa = PBXGroup;
			children = (
				689DA0C11A8C3FB300F117DE /* react-canvas-ios.app */,
				689DA0D61A8C3FB300F117DE /* react-canvas-iosTests.xctest */,
			);
			name = Products;
			sourceTree = "<group>";
		};
		689DA0C31A8C3FB300F117DE /* react-canvas-ios */ = {
			isa = PBXGroup;
			children = (
				68635B9B1A8D79EB001CB25D /* build */,
				689DA0E81A8C430600F117DE /* listview.js */,
				689DA0E91A8C430600F117DE /* examples.css */,
				689DA0EA1A8C430600F117DE /* touch-emulator.js */,
				689DA0C61A8C3FB300F117DE /* AppDelegate.swift */,
				689DA0C81A8C3FB300F117DE /* ViewController.swift */,
				689DA0CA1A8C3FB300F117DE /* Main.storyboard */,
				689DA0E61A8C412E00F117DE /* index.html */,
				689DA0CD1A8C3FB300F117DE /* Images.xcassets */,
				689DA0CF1A8C3FB300F117DE /* LaunchScreen.xib */,
				689DA0C41A8C3FB300F117DE /* Supporting Files */,
			);
			path = "react-canvas-ios";
			sourceTree = "<group>";
		};
		689DA0C41A8C3FB300F117DE /* Supporting Files */ = {
			isa = PBXGroup;
			children = (
				689DA0C51A8C3FB300F117DE /* Info.plist */,
			);
			name = "Supporting Files";
			sourceTree = "<group>";
		};
		689DA0D91A8C3FB300F117DE /* react-canvas-iosTests */ = {
			isa = PBXGroup;
			children = (
				689DA0DC1A8C3FB300F117DE /* react_canvas_iosTests.swift */,
				689DA0DA1A8C3FB300F117DE /* Supporting Files */,
			);
			path = "react-canvas-iosTests";
			sourceTree = "<group>";
		};
		689DA0DA1A8C3FB300F117DE /* Supporting Files */ = {
			isa = PBXGroup;
			children = (
				689DA0DB1A8C3FB300F117DE /* Info.plist */,
			);
			name = "Supporting Files";
			sourceTree = "<group>";
		};
/* End PBXGroup section */

/* Begin PBXNativeTarget section */
		689DA0C01A8C3FB300F117DE /* react-canvas-ios */ = {
			isa = PBXNativeTarget;
			buildConfigurationList = 689DA0E01A8C3FB300F117DE /* Build configuration list for PBXNativeTarget "react-canvas-ios" */;
			buildPhases = (
				689DA0BD1A8C3FB300F117DE /* Sources */,
				689DA0BE1A8C3FB300F117DE /* Frameworks */,
				689DA0BF1A8C3FB300F117DE /* Resources */,
			);
			buildRules = (
			);
			dependencies = (
			);
			name = "react-canvas-ios";
			productName = "react-canvas-ios";
			productReference = 689DA0C11A8C3FB300F117DE /* react-canvas-ios.app */;
			productType = "com.apple.product-type.application";
		};
		689DA0D51A8C3FB300F117DE /* react-canvas-iosTests */ = {
			isa = PBXNativeTarget;
			buildConfigurationList = 689DA0E31A8C3FB300F117DE /* Build configuration list for PBXNativeTarget "react-canvas-iosTests" */;
			buildPhases = (
				689DA0D21A8C3FB300F117DE /* Sources */,
				689DA0D31A8C3FB300F117DE /* Frameworks */,
				689DA0D41A8C3FB300F117DE /* Resources */,
			);
			buildRules = (
			);
			dependencies = (
				689DA0D81A8C3FB300F117DE /* PBXTargetDependency */,
			);
			name = "react-canvas-iosTests";
			productName = "react-canvas-iosTests";
			productReference = 689DA0D61A8C3FB300F117DE /* react-canvas-iosTests.xctest */;
			productType = "com.apple.product-type.bundle.unit-test";
		};
/* End PBXNativeTarget section */

/* Begin PBXProject section */
		689DA0B91A8C3FB300F117DE /* Project object */ = {
			isa = PBXProject;
			attributes = {
				LastUpgradeCheck = 0610;
				ORGANIZATIONNAME = "react canvas";
				TargetAttributes = {
					689DA0C01A8C3FB300F117DE = {
						CreatedOnToolsVersion = 6.1.1;
					};
					689DA0D51A8C3FB300F117DE = {
						CreatedOnToolsVersion = 6.1.1;
						TestTargetID = 689DA0C01A8C3FB300F117DE;
					};
				};
			};
			buildConfigurationList = 689DA0BC1A8C3FB300F117DE /* Build configuration list for PBXProject "react-canvas-ios" */;
			compatibilityVersion = "Xcode 3.2";
			developmentRegion = English;
			hasScannedForEncodings = 0;
			knownRegions = (
				en,
				Base,
			);
			mainGroup = 689DA0B81A8C3FB300F117DE;
			productRefGroup = 689DA0C21A8C3FB300F117DE /* Products */;
			projectDirPath = "";
			projectRoot = "";
			targets = (
				689DA0C01A8C3FB300F117DE /* react-canvas-ios */,
				689DA0D51A8C3FB300F117DE /* react-canvas-iosTests */,
			);
		};
/* End PBXProject section */

/* Begin PBXResourcesBuildPhase section */
		689DA0BF1A8C3FB300F117DE /* Resources */ = {
			isa = PBXResourcesBuildPhase;
			buildActionMask = 2147483647;
			files = (
				68635B9A1A8C4620001CB25D /* touch-emulator.js in Resources */,
				68635B991A8C461A001CB25D /* examples.css in Resources */,
				68635B981A8C4613001CB25D /* listview.js in Resources */,
				689DA0CC1A8C3FB300F117DE /* Main.storyboard in Resources */,
				689DA0E71A8C412E00F117DE /* index.html in Resources */,
				68635B9C1A8D79EB001CB25D /* build in Resources */,
				689DA0D11A8C3FB300F117DE /* LaunchScreen.xib in Resources */,
				689DA0CE1A8C3FB300F117DE /* Images.xcassets in Resources */,
			);
			runOnlyForDeploymentPostprocessing = 0;
		};
		689DA0D41A8C3FB300F117DE /* Resources */ = {
			isa = PBXResourcesBuildPhase;
			buildActionMask = 2147483647;
			files = (
			);
			runOnlyForDeploymentPostprocessing = 0;
		};
/* End PBXResourcesBuildPhase section */

/* Begin PBXSourcesBuildPhase section */
		689DA0BD1A8C3FB300F117DE /* Sources */ = {
			isa = PBXSourcesBuildPhase;
			buildActionMask = 2147483647;
			files = (
				689DA0C91A8C3FB300F117DE /* ViewController.swift in Sources */,
				689DA0C71A8C3FB300F117DE /* AppDelegate.swift in Sources */,
			);
			runOnlyForDeploymentPostprocessing = 0;
		};
		689DA0D21A8C3FB300F117DE /* Sources */ = {
			isa = PBXSourcesBuildPhase;
			buildActionMask = 2147483647;
			files = (
				689DA0DD1A8C3FB300F117DE /* react_canvas_iosTests.swift in Sources */,
			);
			runOnlyForDeploymentPostprocessing = 0;
		};
/* End PBXSourcesBuildPhase section */

/* Begin PBXTargetDependency section */
		689DA0D81A8C3FB300F117DE /* PBXTargetDependency */ = {
			isa = PBXTargetDependency;
			target = 689DA0C01A8C3FB300F117DE /* react-canvas-ios */;
			targetProxy = 689DA0D71A8C3FB300F117DE /* PBXContainerItemProxy */;
		};
/* End PBXTargetDependency section */

/* Begin PBXVariantGroup section */
		689DA0CA1A8C3FB300F117DE /* Main.storyboard */ = {
			isa = PBXVariantGroup;
			children = (
				689DA0CB1A8C3FB300F117DE /* Base */,
			);
			name = Main.storyboard;
			sourceTree = "<group>";
		};
		689DA0CF1A8C3FB300F117DE /* LaunchScreen.xib */ = {
			isa = PBXVariantGroup;
			children = (
				689DA0D01A8C3FB300F117DE /* Base */,
			);
			name = LaunchScreen.xib;
			sourceTree = "<group>";
		};
/* End PBXVariantGroup section */

/* Begin XCBuildConfiguration section */
		689DA0DE1A8C3FB300F117DE /* Debug */ = {
			isa = XCBuildConfiguration;
			buildSettings = {
				ALWAYS_SEARCH_USER_PATHS = NO;
				CLANG_CXX_LANGUAGE_STANDARD = "gnu++0x";
				CLANG_CXX_LIBRARY = "libc++";
				CLANG_ENABLE_MODULES = YES;
				CLANG_ENABLE_OBJC_ARC = YES;
				CLANG_WARN_BOOL_CONVERSION = YES;
				CLANG_WARN_CONSTANT_CONVERSION = YES;
				CLANG_WARN_DIRECT_OBJC_ISA_USAGE = YES_ERROR;
				CLANG_WARN_EMPTY_BODY = YES;
				CLANG_WARN_ENUM_CONVERSION = YES;
				CLANG_WARN_INT_CONVERSION = YES;
				CLANG_WARN_OBJC_ROOT_CLASS = YES_ERROR;
				CLANG_WARN_UNREACHABLE_CODE = YES;
				CLANG_WARN__DUPLICATE_METHOD_MATCH = YES;
				"CODE_SIGN_IDENTITY[sdk=iphoneos*]" = "iPhone Developer";
				COPY_PHASE_STRIP = NO;
				ENABLE_STRICT_OBJC_MSGSEND = YES;
				GCC_C_LANGUAGE_STANDARD = gnu99;
				GCC_DYNAMIC_NO_PIC = NO;
				GCC_OPTIMIZATION_LEVEL = 0;
				GCC_PREPROCESSOR_DEFINITIONS = (
					"DEBUG=1",
					"$(inherited)",
				);
				GCC_SYMBOLS_PRIVATE_EXTERN = NO;
				GCC_WARN_64_TO_32_BIT_CONVERSION = YES;
				GCC_WARN_ABOUT_RETURN_TYPE = YES_ERROR;
				GCC_WARN_UNDECLARED_SELECTOR = YES;
				GCC_WARN_UNINITIALIZED_AUTOS = YES_AGGRESSIVE;
				GCC_WARN_UNUSED_FUNCTION = YES;
				GCC_WARN_UNUSED_VARIABLE = YES;
				IPHONEOS_DEPLOYMENT_TARGET = 8.1;
				MTL_ENABLE_DEBUG_INFO = YES;
				ONLY_ACTIVE_ARCH = YES;
				SDKROOT = iphoneos;
				SWIFT_OPTIMIZATION_LEVEL = "-Onone";
				TARGETED_DEVICE_FAMILY = "1,2";
			};
			name = Debug;
		};
		689DA0DF1A8C3FB300F117DE /* Release */ = {
			isa = XCBuildConfiguration;
			buildSettings = {
				ALWAYS_SEARCH_USER_PATHS = NO;
				CLANG_CXX_LANGUAGE_STANDARD = "gnu++0x";
				CLANG_CXX_LIBRARY = "libc++";
				CLANG_ENABLE_MODULES = YES;
				CLANG_ENABLE_OBJC_ARC = YES;
				CLANG_WARN_BOOL_CONVERSION = YES;
				CLANG_WARN_CONSTANT_CONVERSION = YES;
				CLANG_WARN_DIRECT_OBJC_ISA_USAGE = YES_ERROR;
				CLANG_WARN_EMPTY_BODY = YES;
				CLANG_WARN_ENUM_CONVERSION = YES;
				CLANG_WARN_INT_CONVERSION = YES;
				CLANG_WARN_OBJC_ROOT_CLASS = YES_ERROR;
				CLANG_WARN_UNREACHABLE_CODE = YES;
				CLANG_WARN__DUPLICATE_METHOD_MATCH = YES;
				"CODE_SIGN_IDENTITY[sdk=iphoneos*]" = "iPhone Developer";
				COPY_PHASE_STRIP = YES;
				ENABLE_NS_ASSERTIONS = NO;
				ENABLE_STRICT_OBJC_MSGSEND = YES;
				GCC_C_LANGUAGE_STANDARD = gnu99;
				GCC_WARN_64_TO_32_BIT_CONVERSION = YES;
				GCC_WARN_ABOUT_RETURN_TYPE = YES_ERROR;
				GCC_WARN_UNDECLARED_SELECTOR = YES;
				GCC_WARN_UNINITIALIZED_AUTOS = YES_AGGRESSIVE;
				GCC_WARN_UNUSED_FUNCTION = YES;
				GCC_WARN_UNUSED_VARIABLE = YES;
				IPHONEOS_DEPLOYMENT_TARGET = 8.1;
				MTL_ENABLE_DEBUG_INFO = NO;
				SDKROOT = iphoneos;
				TARGETED_DEVICE_FAMILY = "1,2";
				VALIDATE_PRODUCT = YES;
			};
			name = Release;
		};
		689DA0E11A8C3FB300F117DE /* Debug */ = {
			isa = XCBuildConfiguration;
			buildSettings = {
				ASSETCATALOG_COMPILER_APPICON_NAME = AppIcon;
				INFOPLIST_FILE = "react-canvas-ios/Info.plist";
				LD_RUNPATH_SEARCH_PATHS = "$(inherited) @executable_path/Frameworks";
				PRODUCT_NAME = "$(TARGET_NAME)";
			};
			name = Debug;
		};
		689DA0E21A8C3FB300F117DE /* Release */ = {
			isa = XCBuildConfiguration;
			buildSettings = {
				ASSETCATALOG_COMPILER_APPICON_NAME = AppIcon;
				INFOPLIST_FILE = "react-canvas-ios/Info.plist";
				LD_RUNPATH_SEARCH_PATHS = "$(inherited) @executable_path/Frameworks";
				PRODUCT_NAME = "$(TARGET_NAME)";
			};
			name = Release;
		};
		689DA0E41A8C3FB300F117DE /* Debug */ = {
			isa = XCBuildConfiguration;
			buildSettings = {
				BUNDLE_LOADER = "$(TEST_HOST)";
				FRAMEWORK_SEARCH_PATHS = (
					"$(SDKROOT)/Developer/Library/Frameworks",
					"$(inherited)",
				);
				GCC_PREPROCESSOR_DEFINITIONS = (
					"DEBUG=1",
					"$(inherited)",
				);
				INFOPLIST_FILE = "react-canvas-iosTests/Info.plist";
				LD_RUNPATH_SEARCH_PATHS = "$(inherited) @executable_path/Frameworks @loader_path/Frameworks";
				PRODUCT_NAME = "$(TARGET_NAME)";
				TEST_HOST = "$(BUILT_PRODUCTS_DIR)/react-canvas-ios.app/react-canvas-ios";
			};
			name = Debug;
		};
		689DA0E51A8C3FB300F117DE /* Release */ = {
			isa = XCBuildConfiguration;
			buildSettings = {
				BUNDLE_LOADER = "$(TEST_HOST)";
				FRAMEWORK_SEARCH_PATHS = (
					"$(SDKROOT)/Developer/Library/Frameworks",
					"$(inherited)",
				);
				INFOPLIST_FILE = "react-canvas-iosTests/Info.plist";
				LD_RUNPATH_SEARCH_PATHS = "$(inherited) @executable_path/Frameworks @loader_path/Frameworks";
				PRODUCT_NAME = "$(TARGET_NAME)";
				TEST_HOST = "$(BUILT_PRODUCTS_DIR)/react-canvas-ios.app/react-canvas-ios";
			};
			name = Release;
		};
/* End XCBuildConfiguration section */

/* Begin XCConfigurationList section */
		689DA0BC1A8C3FB300F117DE /* Build configuration list for PBXProject "react-canvas-ios" */ = {
			isa = XCConfigurationList;
			buildConfigurations = (
				689DA0DE1A8C3FB300F117DE /* Debug */,
				689DA0DF1A8C3FB300F117DE /* Release */,
			);
			defaultConfigurationIsVisible = 0;
			defaultConfigurationName = Release;
		};
		689DA0E01A8C3FB300F117DE /* Build configuration list for PBXNativeTarget "react-canvas-ios" */ = {
			isa = XCConfigurationList;
			buildConfigurations = (
				689DA0E11A8C3FB300F117DE /* Debug */,
				689DA0E21A8C3FB300F117DE /* Release */,
			);
			defaultConfigurationIsVisible = 0;
			defaultConfigurationName = Release;
		};
		689DA0E31A8C3FB300F117DE /* Build configuration list for PBXNativeTarget "react-canvas-iosTests" */ = {
			isa = XCConfigurationList;
			buildConfigurations = (
				689DA0E41A8C3FB300F117DE /* Debug */,
				689DA0E51A8C3FB300F117DE /* Release */,
			);
			defaultConfigurationIsVisible = 0;
			defaultConfigurationName = Release;
		};
/* End XCConfigurationList section */
	};
	rootObject = 689DA0B91A8C3FB300F117DE /* Project object */;
}
